
Microsoft Visual Studio Solution File, Format Version 12.00
# Visual Studio Version 17
VisualStudioVersion = 17.5.33502.453
MinimumVisualStudioVersion = 10.0.40219.1
Project("{FAE04EC0-301F-11D3-BF4B-00C04F79EFBC}") = "MVVMClassWork", "MVVMClassWork\MVVMClassWork.csproj", "{839F36A4-13F6-4064-9111-C52F86E50332}"
EndProject
Global
	GlobalSection(SolutionConfigurationPlatforms) = preSolution
		Debug|Any CPU = Debug|Any CPU
		Release|Any CPU = Release|Any CPU
	EndGlobalSection
	GlobalSection(ProjectConfigurationPlatforms) = postSolution
		{839F36A4-13F6-4064-9111-C52F86E50332}.Debug|Any CPU.ActiveCfg = Debug|Any CPU
		{839F36A4-13F6-4064-9111-C52F86E50332}.Debug|Any CPU.Build.0 = Debug|Any CPU
		{839F36A4-13F6-4064-9111-C52F86E50332}.Release|Any CPU.ActiveCfg = Release|Any CPU
		{839F36A4-13F6-4064-9111-C52F86E50332}.Release|Any CPU.Build.0 = Release|Any CPU
	EndGlobalSection
	GlobalSection(SolutionProperties) = preSolution
		HideSolutionNode = FALSE
	EndGlobalSection
	GlobalSection(ExtensibilityGlobals) = postSolution
		SolutionGuid = {8FE15FE0-8CDD-4949-8038-F1F534FD257E}
	EndGlobalSection
EndGlobal
